
Microsoft Visual Studio Solution File, Format Version 12.00
# Visual Studio Version 17
VisualStudioVersion = 17.13.35931.197
MinimumVisualStudioVersion = 10.0.40219.1
Project("{FAE04EC0-301F-11D3-BF4B-00C04F79EFBC}") = "Teste.Api", "teste_docker\Teste.Api.csproj", "{EADD7D7F-EA00-49F3-82C2-C93A7A08C65A}"
EndProject
Project("{FAE04EC0-301F-11D3-BF4B-00C04F79EFBC}") = "Teste.Domain", "Teste.Domain\Teste.Domain.csproj", "{1C108AE8-51B8-4ED6-B876-A35D724C7826}"
EndProject
Project("{FAE04EC0-301F-11D3-BF4B-00C04F79EFBC}") = "Teste.Data", "Teste.Data\Teste.Data.csproj", "{4C3DA3BF-8F03-4D51-9DC5-E9D2ED8443B4}"
EndProject
Global
	GlobalSection(SolutionConfigurationPlatforms) = preSolution
		Debug|Any CPU = Debug|Any CPU
		Release|Any CPU = Release|Any CPU
	EndGlobalSection
	GlobalSection(ProjectConfigurationPlatforms) = postSolution
		{EADD7D7F-EA00-49F3-82C2-C93A7A08C65A}.Debug|Any CPU.ActiveCfg = Debug|Any CPU
		{EADD7D7F-EA00-49F3-82C2-C93A7A08C65A}.Debug|Any CPU.Build.0 = Debug|Any CPU
		{EADD7D7F-EA00-49F3-82C2-C93A7A08C65A}.Release|Any CPU.ActiveCfg = Release|Any CPU
		{EADD7D7F-EA00-49F3-82C2-C93A7A08C65A}.Release|Any CPU.Build.0 = Release|Any CPU
		{1C108AE8-51B8-4ED6-B876-A35D724C7826}.Debug|Any CPU.ActiveCfg = Debug|Any CPU
		{1C108AE8-51B8-4ED6-B876-A35D724C7826}.Debug|Any CPU.Build.0 = Debug|Any CPU
		{1C108AE8-51B8-4ED6-B876-A35D724C7826}.Release|Any CPU.ActiveCfg = Release|Any CPU
		{1C108AE8-51B8-4ED6-B876-A35D724C7826}.Release|Any CPU.Build.0 = Release|Any CPU
		{4C3DA3BF-8F03-4D51-9DC5-E9D2ED8443B4}.Debug|Any CPU.ActiveCfg = Debug|Any CPU
		{4C3DA3BF-8F03-4D51-9DC5-E9D2ED8443B4}.Debug|Any CPU.Build.0 = Debug|Any CPU
		{4C3DA3BF-8F03-4D51-9DC5-E9D2ED8443B4}.Release|Any CPU.ActiveCfg = Release|Any CPU
		{4C3DA3BF-8F03-4D51-9DC5-E9D2ED8443B4}.Release|Any CPU.Build.0 = Release|Any CPU
	EndGlobalSection
	GlobalSection(SolutionProperties) = preSolution
		HideSolutionNode = FALSE
	EndGlobalSection
	GlobalSection(ExtensibilityGlobals) = postSolution
		SolutionGuid = {EA9E4496-FC69-493F-8272-13548A8CF3FB}
	EndGlobalSection
EndGlobal
